// !$*UTF8*$!
{
	archiveVersion = 1;
	classes = {
	};
	objectVersion = 56;
	objects = {

/* Begin PBXBuildFile section */
		3B34823E29656C2E00CAAE01 /* LocalState.swift in Sources */ = {isa = PBXBuildFile; fileRef = 3B34823D29656C2E00CAAE01 /* LocalState.swift */; };
		3B348240296572C800CAAE01 /* UIViewController+Utils.swift in Sources */ = {isa = PBXBuildFile; fileRef = 3B34823F296572C800CAAE01 /* UIViewController+Utils.swift */; };
		3B4D7282296294EA0025902E /* AppDelegate.swift in Sources */ = {isa = PBXBuildFile; fileRef = 3B4D7281296294EA0025902E /* AppDelegate.swift */; };
		3B4D7286296294EA0025902E /* LoginViewController.swift in Sources */ = {isa = PBXBuildFile; fileRef = 3B4D7285296294EA0025902E /* LoginViewController.swift */; };
		3B4D728B296294EB0025902E /* Assets.xcassets in Resources */ = {isa = PBXBuildFile; fileRef = 3B4D728A296294EB0025902E /* Assets.xcassets */; };
		3B4D728E296294EB0025902E /* LaunchScreen.storyboard in Resources */ = {isa = PBXBuildFile; fileRef = 3B4D728C296294EB0025902E /* LaunchScreen.storyboard */; };
		3B4D7298296298240025902E /* LoginView.swift in Sources */ = {isa = PBXBuildFile; fileRef = 3B4D7297296298240025902E /* LoginView.swift */; };
		3B87C55129644120004A6141 /* OnboardingContainerViewController.swift in Sources */ = {isa = PBXBuildFile; fileRef = 3B87C55029644120004A6141 /* OnboardingContainerViewController.swift */; };
		3B87CBCD2966C47C00456947 /* AccountSummaryCell.swift in Sources */ = {isa = PBXBuildFile; fileRef = 3B87CBCC2966C47C00456947 /* AccountSummaryCell.swift */; };
		3B9F19E529657AB400B12F8A /* MainViewController.swift in Sources */ = {isa = PBXBuildFile; fileRef = 3B9F19E429657AB400B12F8A /* MainViewController.swift */; };
		3BAC67F4296FFFD4005BD393 /* ShakeyBellView.swift in Sources */ = {isa = PBXBuildFile; fileRef = 3BAC67F3296FFFD4005BD393 /* ShakeyBellView.swift */; };
		3BC9F9ED296678F60001D96E /* AccountSummaryViewController.swift in Sources */ = {isa = PBXBuildFile; fileRef = 3BC9F9EC296678F60001D96E /* AccountSummaryViewController.swift */; };
		3BC9F9F22966793E0001D96E /* MoreControllerView.swift in Sources */ = {isa = PBXBuildFile; fileRef = 3BC9F9F12966793E0001D96E /* MoreControllerView.swift */; };
		3BC9F9F42966796C0001D96E /* MoveMoneyViewController.swift in Sources */ = {isa = PBXBuildFile; fileRef = 3BC9F9F32966796C0001D96E /* MoveMoneyViewController.swift */; };
		3BC9F9F629667F9B0001D96E /* AccountSummaryHeaderView.swift in Sources */ = {isa = PBXBuildFile; fileRef = 3BC9F9F529667F9B0001D96E /* AccountSummaryHeaderView.swift */; };
		3BC9F9F829667FB20001D96E /* AccountSummaryHeaderView.xib in Resources */ = {isa = PBXBuildFile; fileRef = 3BC9F9F729667FB20001D96E /* AccountSummaryHeaderView.xib */; };
		3BCCEB4629742FD20063CAF8 /* UIView+Utils.swift in Sources */ = {isa = PBXBuildFile; fileRef = 3BCCEB4529742FD20063CAF8 /* UIView+Utils.swift */; };
		3BDAA08E296536CD001840BF /* OnboardingViewController.swift in Sources */ = {isa = PBXBuildFile; fileRef = 3BDAA08D296536CD001840BF /* OnboardingViewController.swift */; };
		3BE5D738296BBDB700BCDB26 /* Decimal+Utils.swift in Sources */ = {isa = PBXBuildFile; fileRef = 3BE5D737296BBDB700BCDB26 /* Decimal+Utils.swift */; };
		3BE5D73A296BBDFE00BCDB26 /* CurrencyFormatter.swift in Sources */ = {isa = PBXBuildFile; fileRef = 3BE5D739296BBDFE00BCDB26 /* CurrencyFormatter.swift */; };
		3BE5D73C296BE06E00BCDB26 /* Notification+Utils.swift in Sources */ = {isa = PBXBuildFile; fileRef = 3BE5D73B296BE06E00BCDB26 /* Notification+Utils.swift */; };
		3BE5D73E296BF35200BCDB26 /* UITextField+Utils.swift in Sources */ = {isa = PBXBuildFile; fileRef = 3BE5D73D296BF35200BCDB26 /* UITextField+Utils.swift */; };
/* End PBXBuildFile section */

/* Begin PBXFileReference section */
		3B34823D29656C2E00CAAE01 /* LocalState.swift */ = {isa = PBXFileReference; lastKnownFileType = sourcecode.swift; path = LocalState.swift; sourceTree = "<group>"; };
		3B34823F296572C800CAAE01 /* UIViewController+Utils.swift */ = {isa = PBXFileReference; lastKnownFileType = sourcecode.swift; path = "UIViewController+Utils.swift"; sourceTree = "<group>"; };
		3B4D727E296294EA0025902E /* Bankey.app */ = {isa = PBXFileReference; explicitFileType = wrapper.application; includeInIndex = 0; path = Bankey.app; sourceTree = BUILT_PRODUCTS_DIR; };
		3B4D7281296294EA0025902E /* AppDelegate.swift */ = {isa = PBXFileReference; lastKnownFileType = sourcecode.swift; path = AppDelegate.swift; sourceTree = "<group>"; };
		3B4D7285296294EA0025902E /* LoginViewController.swift */ = {isa = PBXFileReference; lastKnownFileType = sourcecode.swift; path = LoginViewController.swift; sourceTree = "<group>"; };
		3B4D728A296294EB0025902E /* Assets.xcassets */ = {isa = PBXFileReference; lastKnownFileType = folder.assetcatalog; path = Assets.xcassets; sourceTree = "<group>"; };
		3B4D728D296294EB0025902E /* Base */ = {isa = PBXFileReference; lastKnownFileType = file.storyboard; name = Base; path = Base.lproj/LaunchScreen.storyboard; sourceTree = "<group>"; };
		3B4D728F296294EB0025902E /* Info.plist */ = {isa = PBXFileReference; lastKnownFileType = text.plist.xml; path = Info.plist; sourceTree = "<group>"; };
		3B4D7297296298240025902E /* LoginView.swift */ = {isa = PBXFileReference; lastKnownFileType = sourcecode.swift; path = LoginView.swift; sourceTree = "<group>"; };
		3B87C55029644120004A6141 /* OnboardingContainerViewController.swift */ = {isa = PBXFileReference; lastKnownFileType = sourcecode.swift; path = OnboardingContainerViewController.swift; sourceTree = "<group>"; };
		3B87CBCC2966C47C00456947 /* AccountSummaryCell.swift */ = {isa = PBXFileReference; lastKnownFileType = sourcecode.swift; path = AccountSummaryCell.swift; sourceTree = "<group>"; };
		3B9F19E429657AB400B12F8A /* MainViewController.swift */ = {isa = PBXFileReference; lastKnownFileType = sourcecode.swift; path = MainViewController.swift; sourceTree = "<group>"; };
		3BAC67F3296FFFD4005BD393 /* ShakeyBellView.swift */ = {isa = PBXFileReference; lastKnownFileType = sourcecode.swift; path = ShakeyBellView.swift; sourceTree = "<group>"; };
		3BC9F9EC296678F60001D96E /* AccountSummaryViewController.swift */ = {isa = PBXFileReference; lastKnownFileType = sourcecode.swift; path = AccountSummaryViewController.swift; sourceTree = "<group>"; };
		3BC9F9F12966793E0001D96E /* MoreControllerView.swift */ = {isa = PBXFileReference; lastKnownFileType = sourcecode.swift; path = MoreControllerView.swift; sourceTree = "<group>"; };
		3BC9F9F32966796C0001D96E /* MoveMoneyViewController.swift */ = {isa = PBXFileReference; lastKnownFileType = sourcecode.swift; path = MoveMoneyViewController.swift; sourceTree = "<group>"; };
		3BC9F9F529667F9B0001D96E /* AccountSummaryHeaderView.swift */ = {isa = PBXFileReference; lastKnownFileType = sourcecode.swift; path = AccountSummaryHeaderView.swift; sourceTree = "<group>"; };
		3BC9F9F729667FB20001D96E /* AccountSummaryHeaderView.xib */ = {isa = PBXFileReference; lastKnownFileType = file.xib; path = AccountSummaryHeaderView.xib; sourceTree = "<group>"; };
		3BCCEB4529742FD20063CAF8 /* UIView+Utils.swift */ = {isa = PBXFileReference; lastKnownFileType = sourcecode.swift; path = "UIView+Utils.swift"; sourceTree = "<group>"; };
		3BDAA08D296536CD001840BF /* OnboardingViewController.swift */ = {isa = PBXFileReference; lastKnownFileType = sourcecode.swift; path = OnboardingViewController.swift; sourceTree = "<group>"; };
		3BE5D737296BBDB700BCDB26 /* Decimal+Utils.swift */ = {isa = PBXFileReference; lastKnownFileType = sourcecode.swift; path = "Decimal+Utils.swift"; sourceTree = "<group>"; };
		3BE5D739296BBDFE00BCDB26 /* CurrencyFormatter.swift */ = {isa = PBXFileReference; lastKnownFileType = sourcecode.swift; path = CurrencyFormatter.swift; sourceTree = "<group>"; };
		3BE5D73B296BE06E00BCDB26 /* Notification+Utils.swift */ = {isa = PBXFileReference; lastKnownFileType = sourcecode.swift; path = "Notification+Utils.swift"; sourceTree = "<group>"; };
		3BE5D73D296BF35200BCDB26 /* UITextField+Utils.swift */ = {isa = PBXFileReference; lastKnownFileType = sourcecode.swift; path = "UITextField+Utils.swift"; sourceTree = "<group>"; };
/* End PBXFileReference section */

/* Begin PBXFrameworksBuildPhase section */
		3B4D727B296294EA0025902E /* Frameworks */ = {
			isa = PBXFrameworksBuildPhase;
			buildActionMask = 2147483647;
			files = (
			);
			runOnlyForDeploymentPostprocessing = 0;
		};
/* End PBXFrameworksBuildPhase section */

/* Begin PBXGroup section */
		3B34823C29656C2500CAAE01 /* Utils */ = {
			isa = PBXGroup;
			children = (
				3B34823D29656C2E00CAAE01 /* LocalState.swift */,
				3B34823F296572C800CAAE01 /* UIViewController+Utils.swift */,
				3BE5D737296BBDB700BCDB26 /* Decimal+Utils.swift */,
				3BE5D739296BBDFE00BCDB26 /* CurrencyFormatter.swift */,
				3BE5D73B296BE06E00BCDB26 /* Notification+Utils.swift */,
				3BE5D73D296BF35200BCDB26 /* UITextField+Utils.swift */,
				3BCCEB4529742FD20063CAF8 /* UIView+Utils.swift */,
			);
			path = Utils;
			sourceTree = "<group>";
		};
		3B4D7275296294EA0025902E = {
			isa = PBXGroup;
			children = (
				3B4D7281296294EA0025902E /* AppDelegate.swift */,
				3B9F19E429657AB400B12F8A /* MainViewController.swift */,
				3B4D7280296294EA0025902E /* Bankey */,
				3B4D727F296294EA0025902E /* Products */,
			);
			sourceTree = "<group>";
		};
		3B4D727F296294EA0025902E /* Products */ = {
			isa = PBXGroup;
			children = (
				3B4D727E296294EA0025902E /* Bankey.app */,
			);
			name = Products;
			sourceTree = "<group>";
		};
		3B4D7280296294EA0025902E /* Bankey */ = {
			isa = PBXGroup;
			children = (
				3BAC67F2296FFFC7005BD393 /* Components */,
				3BC9F9EE2966791A0001D96E /* Screens */,
				3B34823C29656C2500CAAE01 /* Utils */,
				3B87C54F2964410C004A6141 /* Onboarding */,
				3B4D7296296298170025902E /* Login */,
				3B4D7295296297EF0025902E /* Files */,
			);
			path = Bankey;
			sourceTree = "<group>";
		};
		3B4D7295296297EF0025902E /* Files */ = {
			isa = PBXGroup;
			children = (
				3B4D728A296294EB0025902E /* Assets.xcassets */,
				3B4D728C296294EB0025902E /* LaunchScreen.storyboard */,
				3B4D728F296294EB0025902E /* Info.plist */,
			);
			name = Files;
			sourceTree = "<group>";
		};
		3B4D7296296298170025902E /* Login */ = {
			isa = PBXGroup;
			children = (
				3B4D7285296294EA0025902E /* LoginViewController.swift */,
				3B4D7297296298240025902E /* LoginView.swift */,
			);
			path = Login;
			sourceTree = "<group>";
		};
		3B87C54F2964410C004A6141 /* Onboarding */ = {
			isa = PBXGroup;
			children = (
				3B87C55029644120004A6141 /* OnboardingContainerViewController.swift */,
				3BDAA08D296536CD001840BF /* OnboardingViewController.swift */,
			);
			path = Onboarding;
			sourceTree = "<group>";
		};
		3B87CBCA2966C46600456947 /* Header */ = {
			isa = PBXGroup;
			children = (
				3BC9F9F529667F9B0001D96E /* AccountSummaryHeaderView.swift */,
				3BC9F9F729667FB20001D96E /* AccountSummaryHeaderView.xib */,
			);
			path = Header;
			sourceTree = "<group>";
		};
		3B87CBCB2966C47100456947 /* Cells */ = {
			isa = PBXGroup;
			children = (
				3B87CBCC2966C47C00456947 /* AccountSummaryCell.swift */,
			);
			path = Cells;
			sourceTree = "<group>";
		};
		3BAC67F2296FFFC7005BD393 /* Components */ = {
			isa = PBXGroup;
			children = (
				3BAC67F3296FFFD4005BD393 /* ShakeyBellView.swift */,
			);
			path = Components;
			sourceTree = "<group>";
		};
		3BC9F9EB296678E70001D96E /* AccountSummary */ = {
			isa = PBXGroup;
			children = (
				3B87CBCB2966C47100456947 /* Cells */,
				3B87CBCA2966C46600456947 /* Header */,
				3BC9F9EC296678F60001D96E /* AccountSummaryViewController.swift */,
			);
			path = AccountSummary;
			sourceTree = "<group>";
		};
		3BC9F9EE2966791A0001D96E /* Screens */ = {
			isa = PBXGroup;
			children = (
				3BC9F9F02966792D0001D96E /* More */,
				3BC9F9EF296679280001D96E /* MoveMoney */,
				3BC9F9EB296678E70001D96E /* AccountSummary */,
			);
			path = Screens;
			sourceTree = "<group>";
		};
		3BC9F9EF296679280001D96E /* MoveMoney */ = {
			isa = PBXGroup;
			children = (
				3BC9F9F32966796C0001D96E /* MoveMoneyViewController.swift */,
			);
			path = MoveMoney;
			sourceTree = "<group>";
		};
		3BC9F9F02966792D0001D96E /* More */ = {
			isa = PBXGroup;
			children = (
				3BC9F9F12966793E0001D96E /* MoreControllerView.swift */,
			);
			path = More;
			sourceTree = "<group>";
		};
/* End PBXGroup section */

/* Begin PBXNativeTarget section */
		3B4D727D296294EA0025902E /* Bankey */ = {
			isa = PBXNativeTarget;
			buildConfigurationList = 3B4D7292296294EB0025902E /* Build configuration list for PBXNativeTarget "Bankey" */;
			buildPhases = (
				3B4D727A296294EA0025902E /* Sources */,
				3B4D727B296294EA0025902E /* Frameworks */,
				3B4D727C296294EA0025902E /* Resources */,
			);
			buildRules = (
			);
			dependencies = (
			);
			name = Bankey;
			productName = Bankey;
			productReference = 3B4D727E296294EA0025902E /* Bankey.app */;
			productType = "com.apple.product-type.application";
		};
/* End PBXNativeTarget section */

/* Begin PBXProject section */
		3B4D7276296294EA0025902E /* Project object */ = {
			isa = PBXProject;
			attributes = {
				BuildIndependentTargetsInParallel = 1;
				LastSwiftUpdateCheck = 1400;
				LastUpgradeCheck = 1400;
				TargetAttributes = {
					3B4D727D296294EA0025902E = {
						CreatedOnToolsVersion = 14.0;
					};
				};
			};
			buildConfigurationList = 3B4D7279296294EA0025902E /* Build configuration list for PBXProject "Bankey" */;
			compatibilityVersion = "Xcode 14.0";
			developmentRegion = en;
			hasScannedForEncodings = 0;
			knownRegions = (
				en,
				Base,
			);
			mainGroup = 3B4D7275296294EA0025902E;
			productRefGroup = 3B4D727F296294EA0025902E /* Products */;
			projectDirPath = "";
			projectRoot = "";
			targets = (
				3B4D727D296294EA0025902E /* Bankey */,
			);
		};
/* End PBXProject section */

/* Begin PBXResourcesBuildPhase section */
		3B4D727C296294EA0025902E /* Resources */ = {
			isa = PBXResourcesBuildPhase;
			buildActionMask = 2147483647;
			files = (
				3BC9F9F829667FB20001D96E /* AccountSummaryHeaderView.xib in Resources */,
				3B4D728E296294EB0025902E /* LaunchScreen.storyboard in Resources */,
				3B4D728B296294EB0025902E /* Assets.xcassets in Resources */,
			);
			runOnlyForDeploymentPostprocessing = 0;
		};
/* End PBXResourcesBuildPhase section */

/* Begin PBXSourcesBuildPhase section */
		3B4D727A296294EA0025902E /* Sources */ = {
			isa = PBXSourcesBuildPhase;
			buildActionMask = 2147483647;
			files = (
				3BC9F9F629667F9B0001D96E /* AccountSummaryHeaderView.swift in Sources */,
				3BE5D738296BBDB700BCDB26 /* Decimal+Utils.swift in Sources */,
				3BE5D73E296BF35200BCDB26 /* UITextField+Utils.swift in Sources */,
				3B87CBCD2966C47C00456947 /* AccountSummaryCell.swift in Sources */,
				3BAC67F4296FFFD4005BD393 /* ShakeyBellView.swift in Sources */,
				3B348240296572C800CAAE01 /* UIViewController+Utils.swift in Sources */,
				3BE5D73A296BBDFE00BCDB26 /* CurrencyFormatter.swift in Sources */,
				3BCCEB4629742FD20063CAF8 /* UIView+Utils.swift in Sources */,
				3B4D7298296298240025902E /* LoginView.swift in Sources */,
				3BE5D73C296BE06E00BCDB26 /* Notification+Utils.swift in Sources */,
				3B34823E29656C2E00CAAE01 /* LocalState.swift in Sources */,
				3B4D7286296294EA0025902E /* LoginViewController.swift in Sources */,
				3BDAA08E296536CD001840BF /* OnboardingViewController.swift in Sources */,
				3BC9F9F22966793E0001D96E /* MoreControllerView.swift in Sources */,
				3B9F19E529657AB400B12F8A /* MainViewController.swift in Sources */,
				3BC9F9F42966796C0001D96E /* MoveMoneyViewController.swift in Sources */,
				3B4D7282296294EA0025902E /* AppDelegate.swift in Sources */,
				3B87C55129644120004A6141 /* OnboardingContainerViewController.swift in Sources */,
				3BC9F9ED296678F60001D96E /* AccountSummaryViewController.swift in Sources */,
			);
			runOnlyForDeploymentPostprocessing = 0;
		};
/* End PBXSourcesBuildPhase section */

/* Begin PBXVariantGroup section */
		3B4D728C296294EB0025902E /* LaunchScreen.storyboard */ = {
			isa = PBXVariantGroup;
			children = (
				3B4D728D296294EB0025902E /* Base */,
			);
			name = LaunchScreen.storyboard;
			sourceTree = "<group>";
		};
/* End PBXVariantGroup section */

/* Begin XCBuildConfiguration section */
		3B4D7290296294EB0025902E /* Debug */ = {
			isa = XCBuildConfiguration;
			buildSettings = {
				ALWAYS_SEARCH_USER_PATHS = NO;
				CLANG_ANALYZER_NONNULL = YES;
				CLANG_ANALYZER_NUMBER_OBJECT_CONVERSION = YES_AGGRESSIVE;
				CLANG_CXX_LANGUAGE_STANDARD = "gnu++20";
				CLANG_ENABLE_MODULES = YES;
				CLANG_ENABLE_OBJC_ARC = YES;
				CLANG_ENABLE_OBJC_WEAK = YES;
				CLANG_WARN_BLOCK_CAPTURE_AUTORELEASING = YES;
				CLANG_WARN_BOOL_CONVERSION = YES;
				CLANG_WARN_COMMA = YES;
				CLANG_WARN_CONSTANT_CONVERSION = YES;
				CLANG_WARN_DEPRECATED_OBJC_IMPLEMENTATIONS = YES;
				CLANG_WARN_DIRECT_OBJC_ISA_USAGE = YES_ERROR;
				CLANG_WARN_DOCUMENTATION_COMMENTS = YES;
				CLANG_WARN_EMPTY_BODY = YES;
				CLANG_WARN_ENUM_CONVERSION = YES;
				CLANG_WARN_INFINITE_RECURSION = YES;
				CLANG_WARN_INT_CONVERSION = YES;
				CLANG_WARN_NON_LITERAL_NULL_CONVERSION = YES;
				CLANG_WARN_OBJC_IMPLICIT_RETAIN_SELF = YES;
				CLANG_WARN_OBJC_LITERAL_CONVERSION = YES;
				CLANG_WARN_OBJC_ROOT_CLASS = YES_ERROR;
				CLANG_WARN_QUOTED_INCLUDE_IN_FRAMEWORK_HEADER = YES;
				CLANG_WARN_RANGE_LOOP_ANALYSIS = YES;
				CLANG_WARN_STRICT_PROTOTYPES = YES;
				CLANG_WARN_SUSPICIOUS_MOVE = YES;
				CLANG_WARN_UNGUARDED_AVAILABILITY = YES_AGGRESSIVE;
				CLANG_WARN_UNREACHABLE_CODE = YES;
				CLANG_WARN__DUPLICATE_METHOD_MATCH = YES;
				COPY_PHASE_STRIP = NO;
				DEBUG_INFORMATION_FORMAT = dwarf;
				ENABLE_STRICT_OBJC_MSGSEND = YES;
				ENABLE_TESTABILITY = YES;
				GCC_C_LANGUAGE_STANDARD = gnu11;
				GCC_DYNAMIC_NO_PIC = NO;
				GCC_NO_COMMON_BLOCKS = YES;
				GCC_OPTIMIZATION_LEVEL = 0;
				GCC_PREPROCESSOR_DEFINITIONS = (
					"DEBUG=1",
					"$(inherited)",
				);
				GCC_WARN_64_TO_32_BIT_CONVERSION = YES;
				GCC_WARN_ABOUT_RETURN_TYPE = YES_ERROR;
				GCC_WARN_UNDECLARED_SELECTOR = YES;
				GCC_WARN_UNINITIALIZED_AUTOS = YES_AGGRESSIVE;
				GCC_WARN_UNUSED_FUNCTION = YES;
				GCC_WARN_UNUSED_VARIABLE = YES;
				IPHONEOS_DEPLOYMENT_TARGET = 16.0;
				MTL_ENABLE_DEBUG_INFO = INCLUDE_SOURCE;
				MTL_FAST_MATH = YES;
				ONLY_ACTIVE_ARCH = YES;
				SDKROOT = iphoneos;
				SWIFT_ACTIVE_COMPILATION_CONDITIONS = DEBUG;
				SWIFT_OPTIMIZATION_LEVEL = "-Onone";
			};
			name = Debug;
		};
		3B4D7291296294EB0025902E /* Release */ = {
			isa = XCBuildConfiguration;
			buildSettings = {
				ALWAYS_SEARCH_USER_PATHS = NO;
				CLANG_ANALYZER_NONNULL = YES;
				CLANG_ANALYZER_NUMBER_OBJECT_CONVERSION = YES_AGGRESSIVE;
				CLANG_CXX_LANGUAGE_STANDARD = "gnu++20";
				CLANG_ENABLE_MODULES = YES;
				CLANG_ENABLE_OBJC_ARC = YES;
				CLANG_ENABLE_OBJC_WEAK = YES;
				CLANG_WARN_BLOCK_CAPTURE_AUTORELEASING = YES;
				CLANG_WARN_BOOL_CONVERSION = YES;
				CLANG_WARN_COMMA = YES;
				CLANG_WARN_CONSTANT_CONVERSION = YES;
				CLANG_WARN_DEPRECATED_OBJC_IMPLEMENTATIONS = YES;
				CLANG_WARN_DIRECT_OBJC_ISA_USAGE = YES_ERROR;
				CLANG_WARN_DOCUMENTATION_COMMENTS = YES;
				CLANG_WARN_EMPTY_BODY = YES;
				CLANG_WARN_ENUM_CONVERSION = YES;
				CLANG_WARN_INFINITE_RECURSION = YES;
				CLANG_WARN_INT_CONVERSION = YES;
				CLANG_WARN_NON_LITERAL_NULL_CONVERSION = YES;
				CLANG_WARN_OBJC_IMPLICIT_RETAIN_SELF = YES;
				CLANG_WARN_OBJC_LITERAL_CONVERSION = YES;
				CLANG_WARN_OBJC_ROOT_CLASS = YES_ERROR;
				CLANG_WARN_QUOTED_INCLUDE_IN_FRAMEWORK_HEADER = YES;
				CLANG_WARN_RANGE_LOOP_ANALYSIS = YES;
				CLANG_WARN_STRICT_PROTOTYPES = YES;
				CLANG_WARN_SUSPICIOUS_MOVE = YES;
				CLANG_WARN_UNGUARDED_AVAILABILITY = YES_AGGRESSIVE;
				CLANG_WARN_UNREACHABLE_CODE = YES;
				CLANG_WARN__DUPLICATE_METHOD_MATCH = YES;
				COPY_PHASE_STRIP = NO;
				DEBUG_INFORMATION_FORMAT = "dwarf-with-dsym";
				ENABLE_NS_ASSERTIONS = NO;
				ENABLE_STRICT_OBJC_MSGSEND = YES;
				GCC_C_LANGUAGE_STANDARD = gnu11;
				GCC_NO_COMMON_BLOCKS = YES;
				GCC_WARN_64_TO_32_BIT_CONVERSION = YES;
				GCC_WARN_ABOUT_RETURN_TYPE = YES_ERROR;
				GCC_WARN_UNDECLARED_SELECTOR = YES;
				GCC_WARN_UNINITIALIZED_AUTOS = YES_AGGRESSIVE;
				GCC_WARN_UNUSED_FUNCTION = YES;
				GCC_WARN_UNUSED_VARIABLE = YES;
				IPHONEOS_DEPLOYMENT_TARGET = 16.0;
				MTL_ENABLE_DEBUG_INFO = NO;
				MTL_FAST_MATH = YES;
				SDKROOT = iphoneos;
				SWIFT_COMPILATION_MODE = wholemodule;
				SWIFT_OPTIMIZATION_LEVEL = "-O";
				VALIDATE_PRODUCT = YES;
			};
			name = Release;
		};
		3B4D7293296294EB0025902E /* Debug */ = {
			isa = XCBuildConfiguration;
			buildSettings = {
				ASSETCATALOG_COMPILER_APPICON_NAME = AppIcon;
				ASSETCATALOG_COMPILER_GLOBAL_ACCENT_COLOR_NAME = AccentColor;
				CODE_SIGN_STYLE = Automatic;
				CURRENT_PROJECT_VERSION = 1;
				DEVELOPMENT_TEAM = FNHC5UHDLA;
				GENERATE_INFOPLIST_FILE = YES;
				INFOPLIST_FILE = Bankey/Info.plist;
				INFOPLIST_KEY_UIApplicationSupportsIndirectInputEvents = YES;
				INFOPLIST_KEY_UILaunchStoryboardName = LaunchScreen;
				INFOPLIST_KEY_UISupportedInterfaceOrientations_iPad = "UIInterfaceOrientationPortrait UIInterfaceOrientationPortraitUpsideDown UIInterfaceOrientationLandscapeLeft UIInterfaceOrientationLandscapeRight";
				INFOPLIST_KEY_UISupportedInterfaceOrientations_iPhone = "UIInterfaceOrientationPortrait UIInterfaceOrientationLandscapeLeft UIInterfaceOrientationLandscapeRight";
				LD_RUNPATH_SEARCH_PATHS = (
					"$(inherited)",
					"@executable_path/Frameworks",
				);
				MARKETING_VERSION = 1.0;
				PRODUCT_BUNDLE_IDENTIFIER = com.vong.Bankey;
				PRODUCT_NAME = "$(TARGET_NAME)";
				SWIFT_EMIT_LOC_STRINGS = YES;
				SWIFT_VERSION = 5.0;
				TARGETED_DEVICE_FAMILY = "1,2";
			};
			name = Debug;
		};
		3B4D7294296294EB0025902E /* Release */ = {
			isa = XCBuildConfiguration;
			buildSettings = {
				ASSETCATALOG_COMPILER_APPICON_NAME = AppIcon;
				ASSETCATALOG_COMPILER_GLOBAL_ACCENT_COLOR_NAME = AccentColor;
				CODE_SIGN_STYLE = Automatic;
				CURRENT_PROJECT_VERSION = 1;
				DEVELOPMENT_TEAM = FNHC5UHDLA;
				GENERATE_INFOPLIST_FILE = YES;
				INFOPLIST_FILE = Bankey/Info.plist;
				INFOPLIST_KEY_UIApplicationSupportsIndirectInputEvents = YES;
				INFOPLIST_KEY_UILaunchStoryboardName = LaunchScreen;
				INFOPLIST_KEY_UISupportedInterfaceOrientations_iPad = "UIInterfaceOrientationPortrait UIInterfaceOrientationPortraitUpsideDown UIInterfaceOrientationLandscapeLeft UIInterfaceOrientationLandscapeRight";
				INFOPLIST_KEY_UISupportedInterfaceOrientations_iPhone = "UIInterfaceOrientationPortrait UIInterfaceOrientationLandscapeLeft UIInterfaceOrientationLandscapeRight";
				LD_RUNPATH_SEARCH_PATHS = (
					"$(inherited)",
					"@executable_path/Frameworks",
				);
				MARKETING_VERSION = 1.0;
				PRODUCT_BUNDLE_IDENTIFIER = com.vong.Bankey;
				PRODUCT_NAME = "$(TARGET_NAME)";
				SWIFT_EMIT_LOC_STRINGS = YES;
				SWIFT_VERSION = 5.0;
				TARGETED_DEVICE_FAMILY = "1,2";
			};
			name = Release;
		};
/* End XCBuildConfiguration section */

/* Begin XCConfigurationList section */
		3B4D7279296294EA0025902E /* Build configuration list for PBXProject "Bankey" */ = {
			isa = XCConfigurationList;
			buildConfigurations = (
				3B4D7290296294EB0025902E /* Debug */,
				3B4D7291296294EB0025902E /* Release */,
			);
			defaultConfigurationIsVisible = 0;
			defaultConfigurationName = Release;
		};
		3B4D7292296294EB0025902E /* Build configuration list for PBXNativeTarget "Bankey" */ = {
			isa = XCConfigurationList;
			buildConfigurations = (
				3B4D7293296294EB0025902E /* Debug */,
				3B4D7294296294EB0025902E /* Release */,
			);
			defaultConfigurationIsVisible = 0;
			defaultConfigurationName = Release;
		};
/* End XCConfigurationList section */
	};
	rootObject = 3B4D7276296294EA0025902E /* Project object */;
}
